// !$*UTF8*$!
{
	archiveVersion = 1;
	classes = {
	};
	objectVersion = 46;
	objects = {

/* Begin PBXBuildFile section */
		804C9DFC89CD5C5790FF2E5D /* Pods_flicks.framework in Frameworks */ = {isa = PBXBuildFile; fileRef = DF79E8F135D83288A692D361 /* Pods_flicks.framework */; };
		D529A6B81E258353007312DE /* KeyDefinitions.swift in Sources */ = {isa = PBXBuildFile; fileRef = D529A6B71E258353007312DE /* KeyDefinitions.swift */; };
		D52A04E21E247001002B7970 /* AppDelegate.swift in Sources */ = {isa = PBXBuildFile; fileRef = D52A04E11E247001002B7970 /* AppDelegate.swift */; };
		D52A04E71E247001002B7970 /* Main.storyboard in Resources */ = {isa = PBXBuildFile; fileRef = D52A04E51E247001002B7970 /* Main.storyboard */; };
		D52A04EC1E247001002B7970 /* LaunchScreen.storyboard in Resources */ = {isa = PBXBuildFile; fileRef = D52A04EA1E247001002B7970 /* LaunchScreen.storyboard */; };
		D52A04F41E247048002B7970 /* MoviesViewController.swift in Sources */ = {isa = PBXBuildFile; fileRef = D52A04F31E247048002B7970 /* MoviesViewController.swift */; };
		D52A04F71E24775D002B7970 /* MoviesTableViewCell.swift in Sources */ = {isa = PBXBuildFile; fileRef = D52A04F61E24775D002B7970 /* MoviesTableViewCell.swift */; };
		D5A647C01E2B0F2F00564813 /* MovieDetailsViewController.swift in Sources */ = {isa = PBXBuildFile; fileRef = D5A647BF1E2B0F2F00564813 /* MovieDetailsViewController.swift */; };
		D5A647C21E2B27A800564813 /* images.xcassets in Resources */ = {isa = PBXBuildFile; fileRef = D5A647C11E2B27A800564813 /* images.xcassets */; };
/* End PBXBuildFile section */

/* Begin PBXFileReference section */
		9AFE3A94485788E30E91A33C /* Pods-flicks.release.xcconfig */ = {isa = PBXFileReference; includeInIndex = 1; lastKnownFileType = text.xcconfig; name = "Pods-flicks.release.xcconfig"; path = "Pods/Target Support Files/Pods-flicks/Pods-flicks.release.xcconfig"; sourceTree = "<group>"; };
		D529A6B71E258353007312DE /* KeyDefinitions.swift */ = {isa = PBXFileReference; fileEncoding = 4; lastKnownFileType = sourcecode.swift; path = KeyDefinitions.swift; sourceTree = "<group>"; };
		D52A04DE1E247001002B7970 /* flicks.app */ = {isa = PBXFileReference; explicitFileType = wrapper.application; includeInIndex = 0; path = flicks.app; sourceTree = BUILT_PRODUCTS_DIR; };
		D52A04E11E247001002B7970 /* AppDelegate.swift */ = {isa = PBXFileReference; lastKnownFileType = sourcecode.swift; path = AppDelegate.swift; sourceTree = "<group>"; };
		D52A04E61E247001002B7970 /* Base */ = {isa = PBXFileReference; lastKnownFileType = file.storyboard; name = Base; path = Base.lproj/Main.storyboard; sourceTree = "<group>"; };
		D52A04EB1E247001002B7970 /* Base */ = {isa = PBXFileReference; lastKnownFileType = file.storyboard; name = Base; path = Base.lproj/LaunchScreen.storyboard; sourceTree = "<group>"; };
		D52A04ED1E247001002B7970 /* Info.plist */ = {isa = PBXFileReference; lastKnownFileType = text.plist.xml; path = Info.plist; sourceTree = "<group>"; };
		D52A04F31E247048002B7970 /* MoviesViewController.swift */ = {isa = PBXFileReference; fileEncoding = 4; lastKnownFileType = sourcecode.swift; path = MoviesViewController.swift; sourceTree = "<group>"; };
		D52A04F61E24775D002B7970 /* MoviesTableViewCell.swift */ = {isa = PBXFileReference; fileEncoding = 4; lastKnownFileType = sourcecode.swift; path = MoviesTableViewCell.swift; sourceTree = "<group>"; };
		D5614407259EC3E5435530D5 /* Pods-flicks.debug.xcconfig */ = {isa = PBXFileReference; includeInIndex = 1; lastKnownFileType = text.xcconfig; name = "Pods-flicks.debug.xcconfig"; path = "Pods/Target Support Files/Pods-flicks/Pods-flicks.debug.xcconfig"; sourceTree = "<group>"; };
		D5A647BF1E2B0F2F00564813 /* MovieDetailsViewController.swift */ = {isa = PBXFileReference; fileEncoding = 4; lastKnownFileType = sourcecode.swift; path = MovieDetailsViewController.swift; sourceTree = "<group>"; };
		D5A647C11E2B27A800564813 /* images.xcassets */ = {isa = PBXFileReference; lastKnownFileType = folder.assetcatalog; name = images.xcassets; path = ../images.xcassets; sourceTree = "<group>"; };
		DF79E8F135D83288A692D361 /* Pods_flicks.framework */ = {isa = PBXFileReference; explicitFileType = wrapper.framework; includeInIndex = 0; path = Pods_flicks.framework; sourceTree = BUILT_PRODUCTS_DIR; };
/* End PBXFileReference section */

/* Begin PBXFrameworksBuildPhase section */
		D52A04DB1E247001002B7970 /* Frameworks */ = {
			isa = PBXFrameworksBuildPhase;
			buildActionMask = 2147483647;
			files = (
				804C9DFC89CD5C5790FF2E5D /* Pods_flicks.framework in Frameworks */,
			);
			runOnlyForDeploymentPostprocessing = 0;
		};
/* End PBXFrameworksBuildPhase section */

/* Begin PBXGroup section */
		9A4E83E8AE4059BC78101CD8 /* Frameworks */ = {
			isa = PBXGroup;
			children = (
				DF79E8F135D83288A692D361 /* Pods_flicks.framework */,
			);
			name = Frameworks;
			sourceTree = "<group>";
		};
		A34970CECA60DA8925F7BF38 /* Pods */ = {
			isa = PBXGroup;
			children = (
				D5614407259EC3E5435530D5 /* Pods-flicks.debug.xcconfig */,
				9AFE3A94485788E30E91A33C /* Pods-flicks.release.xcconfig */,
			);
			name = Pods;
			sourceTree = "<group>";
		};
		D52A04D51E247001002B7970 = {
			isa = PBXGroup;
			children = (
				D52A04E01E247001002B7970 /* flicks */,
				D52A04DF1E247001002B7970 /* Products */,
				A34970CECA60DA8925F7BF38 /* Pods */,
				9A4E83E8AE4059BC78101CD8 /* Frameworks */,
			);
			sourceTree = "<group>";
		};
		D52A04DF1E247001002B7970 /* Products */ = {
			isa = PBXGroup;
			children = (
				D52A04DE1E247001002B7970 /* flicks.app */,
			);
			name = Products;
			sourceTree = "<group>";
		};
		D52A04E01E247001002B7970 /* flicks */ = {
			isa = PBXGroup;
			children = (
				D52A04E11E247001002B7970 /* AppDelegate.swift */,
				D529A6B71E258353007312DE /* KeyDefinitions.swift */,
				D52A04F81E247768002B7970 /* ViewControllers */,
				D52A04F51E24773E002B7970 /* Views */,
				D52A04E51E247001002B7970 /* Main.storyboard */,
				D52A04EA1E247001002B7970 /* LaunchScreen.storyboard */,
				D52A04ED1E247001002B7970 /* Info.plist */,
				D5A647C11E2B27A800564813 /* images.xcassets */,
			);
			path = flicks;
			sourceTree = "<group>";
		};
		D52A04F51E24773E002B7970 /* Views */ = {
			isa = PBXGroup;
			children = (
				D52A04F61E24775D002B7970 /* MoviesTableViewCell.swift */,
			);
			name = Views;
			sourceTree = "<group>";
		};
		D52A04F81E247768002B7970 /* ViewControllers */ = {
			isa = PBXGroup;
			children = (
				D52A04F31E247048002B7970 /* MoviesViewController.swift */,
				D5A647BF1E2B0F2F00564813 /* MovieDetailsViewController.swift */,
			);
			name = ViewControllers;
			sourceTree = "<group>";
		};
/* End PBXGroup section */

/* Begin PBXNativeTarget section */
		D52A04DD1E247001002B7970 /* flicks */ = {
			isa = PBXNativeTarget;
			buildConfigurationList = D52A04F01E247001002B7970 /* Build configuration list for PBXNativeTarget "flicks" */;
			buildPhases = (
				326EDCA2EBD013BF8ECA2FDC /* [CP] Check Pods Manifest.lock */,
				D52A04DA1E247001002B7970 /* Sources */,
				D52A04DB1E247001002B7970 /* Frameworks */,
				D52A04DC1E247001002B7970 /* Resources */,
				55C5012F8EB005E0EB6AD54E /* [CP] Embed Pods Frameworks */,
				D0702374EB87DF69A6BE1905 /* [CP] Copy Pods Resources */,
			);
			buildRules = (
			);
			dependencies = (
			);
			name = flicks;
			productName = flicks;
			productReference = D52A04DE1E247001002B7970 /* flicks.app */;
			productType = "com.apple.product-type.application";
		};
/* End PBXNativeTarget section */

/* Begin PBXProject section */
		D52A04D61E247001002B7970 /* Project object */ = {
			isa = PBXProject;
			attributes = {
				LastSwiftUpdateCheck = 0820;
				LastUpgradeCheck = 0820;
				ORGANIZATIONNAME = "Nick McDonald";
				TargetAttributes = {
					D52A04DD1E247001002B7970 = {
						CreatedOnToolsVersion = 8.2.1;
						DevelopmentTeam = 3QT27T2PJ3;
						ProvisioningStyle = Automatic;
					};
				};
			};
			buildConfigurationList = D52A04D91E247001002B7970 /* Build configuration list for PBXProject "flicks" */;
			compatibilityVersion = "Xcode 3.2";
			developmentRegion = English;
			hasScannedForEncodings = 0;
			knownRegions = (
				en,
				Base,
			);
			mainGroup = D52A04D51E247001002B7970;
			productRefGroup = D52A04DF1E247001002B7970 /* Products */;
			projectDirPath = "";
			projectRoot = "";
			targets = (
				D52A04DD1E247001002B7970 /* flicks */,
			);
		};
/* End PBXProject section */

/* Begin PBXResourcesBuildPhase section */
		D52A04DC1E247001002B7970 /* Resources */ = {
			isa = PBXResourcesBuildPhase;
			buildActionMask = 2147483647;
			files = (
				D5A647C21E2B27A800564813 /* images.xcassets in Resources */,
				D52A04EC1E247001002B7970 /* LaunchScreen.storyboard in Resources */,
				D52A04E71E247001002B7970 /* Main.storyboard in Resources */,
			);
			runOnlyForDeploymentPostprocessing = 0;
		};
/* End PBXResourcesBuildPhase section */

/* Begin PBXShellScriptBuildPhase section */
		326EDCA2EBD013BF8ECA2FDC /* [CP] Check Pods Manifest.lock */ = {
			isa = PBXShellScriptBuildPhase;
			buildActionMask = 2147483647;
			files = (
			);
			inputPaths = (
			);
			name = "[CP] Check Pods Manifest.lock";
			outputPaths = (
			);
			runOnlyForDeploymentPostprocessing = 0;
			shellPath = /bin/sh;
			shellScript = "diff \"${PODS_ROOT}/../Podfile.lock\" \"${PODS_ROOT}/Manifest.lock\" > /dev/null\nif [ $? != 0 ] ; then\n    # print error to STDERR\n    echo \"error: The sandbox is not in sync with the Podfile.lock. Run 'pod install' or update your CocoaPods installation.\" >&2\n    exit 1\nfi\n";
			showEnvVarsInLog = 0;
		};
		55C5012F8EB005E0EB6AD54E /* [CP] Embed Pods Frameworks */ = {
			isa = PBXShellScriptBuildPhase;
			buildActionMask = 2147483647;
			files = (
			);
			inputPaths = (
			);
			name = "[CP] Embed Pods Frameworks";
			outputPaths = (
			);
			runOnlyForDeploymentPostprocessing = 0;
			shellPath = /bin/sh;
			shellScript = "\"${SRCROOT}/Pods/Target Support Files/Pods-flicks/Pods-flicks-frameworks.sh\"\n";
			showEnvVarsInLog = 0;
		};
		D0702374EB87DF69A6BE1905 /* [CP] Copy Pods Resources */ = {
			isa = PBXShellScriptBuildPhase;
			buildActionMask = 2147483647;
			files = (
			);
			inputPaths = (
			);
			name = "[CP] Copy Pods Resources";
			outputPaths = (
			);
			runOnlyForDeploymentPostprocessing = 0;
			shellPath = /bin/sh;
			shellScript = "\"${SRCROOT}/Pods/Target Support Files/Pods-flicks/Pods-flicks-resources.sh\"\n";
			showEnvVarsInLog = 0;
		};
/* End PBXShellScriptBuildPhase section */

/* Begin PBXSourcesBuildPhase section */
		D52A04DA1E247001002B7970 /* Sources */ = {
			isa = PBXSourcesBuildPhase;
			buildActionMask = 2147483647;
			files = (
				D5A647C01E2B0F2F00564813 /* MovieDetailsViewController.swift in Sources */,
				D529A6B81E258353007312DE /* KeyDefinitions.swift in Sources */,
				D52A04F71E24775D002B7970 /* MoviesTableViewCell.swift in Sources */,
				D52A04E21E247001002B7970 /* AppDelegate.swift in Sources */,
				D52A04F41E247048002B7970 /* MoviesViewController.swift in Sources */,
			);
			runOnlyForDeploymentPostprocessing = 0;
		};
/* End PBXSourcesBuildPhase section */

/* Begin PBXVariantGroup section */
		D52A04E51E247001002B7970 /* Main.storyboard */ = {
			isa = PBXVariantGroup;
			children = (
				D52A04E61E247001002B7970 /* Base */,
			);
			name = Main.storyboard;
			sourceTree = "<group>";
		};
		D52A04EA1E247001002B7970 /* LaunchScreen.storyboard */ = {
			isa = PBXVariantGroup;
			children = (
				D52A04EB1E247001002B7970 /* Base */,
			);
			name = LaunchScreen.storyboard;
			sourceTree = "<group>";
		};
/* End PBXVariantGroup section */

/* Begin XCBuildConfiguration section */
		D52A04EE1E247001002B7970 /* Debug */ = {
			isa = XCBuildConfiguration;
			buildSettings = {
				ALWAYS_SEARCH_USER_PATHS = NO;
				CLANG_ANALYZER_NONNULL = YES;
				CLANG_CXX_LANGUAGE_STANDARD = "gnu++0x";
				CLANG_CXX_LIBRARY = "libc++";
				CLANG_ENABLE_MODULES = YES;
				CLANG_ENABLE_OBJC_ARC = YES;
				CLANG_WARN_BOOL_CONVERSION = YES;
				CLANG_WARN_CONSTANT_CONVERSION = YES;
				CLANG_WARN_DIRECT_OBJC_ISA_USAGE = YES_ERROR;
				CLANG_WARN_DOCUMENTATION_COMMENTS = YES;
				CLANG_WARN_EMPTY_BODY = YES;
				CLANG_WARN_ENUM_CONVERSION = YES;
				CLANG_WARN_INFINITE_RECURSION = YES;
				CLANG_WARN_INT_CONVERSION = YES;
				CLANG_WARN_OBJC_ROOT_CLASS = YES_ERROR;
				CLANG_WARN_SUSPICIOUS_MOVE = YES;
				CLANG_WARN_UNREACHABLE_CODE = YES;
				CLANG_WARN__DUPLICATE_METHOD_MATCH = YES;
				"CODE_SIGN_IDENTITY[sdk=iphoneos*]" = "iPhone Developer";
				COPY_PHASE_STRIP = NO;
				DEBUG_INFORMATION_FORMAT = dwarf;
				ENABLE_STRICT_OBJC_MSGSEND = YES;
				ENABLE_TESTABILITY = YES;
				GCC_C_LANGUAGE_STANDARD = gnu99;
				GCC_DYNAMIC_NO_PIC = NO;
				GCC_NO_COMMON_BLOCKS = YES;
				GCC_OPTIMIZATION_LEVEL = 0;
				GCC_PREPROCESSOR_DEFINITIONS = (
					"DEBUG=1",
					"$(inherited)",
				);
				GCC_WARN_64_TO_32_BIT_CONVERSION = YES;
				GCC_WARN_ABOUT_RETURN_TYPE = YES_ERROR;
				GCC_WARN_UNDECLARED_SELECTOR = YES;
				GCC_WARN_UNINITIALIZED_AUTOS = YES_AGGRESSIVE;
				GCC_WARN_UNUSED_FUNCTION = YES;
				GCC_WARN_UNUSED_VARIABLE = YES;
				IPHONEOS_DEPLOYMENT_TARGET = 10.2;
				MTL_ENABLE_DEBUG_INFO = YES;
				ONLY_ACTIVE_ARCH = YES;
				SDKROOT = iphoneos;
				SWIFT_ACTIVE_COMPILATION_CONDITIONS = DEBUG;
				SWIFT_OPTIMIZATION_LEVEL = "-Onone";
			};
			name = Debug;
		};
		D52A04EF1E247001002B7970 /* Release */ = {
			isa = XCBuildConfiguration;
			buildSettings = {
				ALWAYS_SEARCH_USER_PATHS = NO;
				CLANG_ANALYZER_NONNULL = YES;
				CLANG_CXX_LANGUAGE_STANDARD = "gnu++0x";
				CLANG_CXX_LIBRARY = "libc++";
				CLANG_ENABLE_MODULES = YES;
				CLANG_ENABLE_OBJC_ARC = YES;
				CLANG_WARN_BOOL_CONVERSION = YES;
				CLANG_WARN_CONSTANT_CONVERSION = YES;
				CLANG_WARN_DIRECT_OBJC_ISA_USAGE = YES_ERROR;
				CLANG_WARN_DOCUMENTATION_COMMENTS = YES;
				CLANG_WARN_EMPTY_BODY = YES;
				CLANG_WARN_ENUM_CONVERSION = YES;
				CLANG_WARN_INFINITE_RECURSION = YES;
				CLANG_WARN_INT_CONVERSION = YES;
				CLANG_WARN_OBJC_ROOT_CLASS = YES_ERROR;
				CLANG_WARN_SUSPICIOUS_MOVE = YES;
				CLANG_WARN_UNREACHABLE_CODE = YES;
				CLANG_WARN__DUPLICATE_METHOD_MATCH = YES;
				"CODE_SIGN_IDENTITY[sdk=iphoneos*]" = "iPhone Developer";
				COPY_PHASE_STRIP = NO;
				DEBUG_INFORMATION_FORMAT = "dwarf-with-dsym";
				ENABLE_NS_ASSERTIONS = NO;
				ENABLE_STRICT_OBJC_MSGSEND = YES;
				GCC_C_LANGUAGE_STANDARD = gnu99;
				GCC_NO_COMMON_BLOCKS = YES;
				GCC_WARN_64_TO_32_BIT_CONVERSION = YES;
				GCC_WARN_ABOUT_RETURN_TYPE = YES_ERROR;
				GCC_WARN_UNDECLARED_SELECTOR = YES;
				GCC_WARN_UNINITIALIZED_AUTOS = YES_AGGRESSIVE;
				GCC_WARN_UNUSED_FUNCTION = YES;
				GCC_WARN_UNUSED_VARIABLE = YES;
				IPHONEOS_DEPLOYMENT_TARGET = 10.2;
				MTL_ENABLE_DEBUG_INFO = NO;
				SDKROOT = iphoneos;
				SWIFT_OPTIMIZATION_LEVEL = "-Owholemodule";
				VALIDATE_PRODUCT = YES;
			};
			name = Release;
		};
		D52A04F11E247001002B7970 /* Debug */ = {
			isa = XCBuildConfiguration;
			baseConfigurationReference = D5614407259EC3E5435530D5 /* Pods-flicks.debug.xcconfig */;
			buildSettings = {
				ALWAYS_EMBED_SWIFT_STANDARD_LIBRARIES = YES;
				ASSETCATALOG_COMPILER_APPICON_NAME = AppIcon;
				DEVELOPMENT_TEAM = 3QT27T2PJ3;
				INFOPLIST_FILE = flicks/Info.plist;
				LD_RUNPATH_SEARCH_PATHS = "$(inherited) @executable_path/Frameworks";
				PRODUCT_BUNDLE_IDENTIFIER = com.nickdonald.flicks;
				PRODUCT_NAME = "$(TARGET_NAME)";
				SWIFT_VERSION = 3.0;
			};
			name = Debug;
		};
		D52A04F21E247001002B7970 /* Release */ = {
			isa = XCBuildConfiguration;
			baseConfigurationReference = 9AFE3A94485788E30E91A33C /* Pods-flicks.release.xcconfig */;
			buildSettings = {
				ALWAYS_EMBED_SWIFT_STANDARD_LIBRARIES = YES;
				ASSETCATALOG_COMPILER_APPICON_NAME = AppIcon;
				DEVELOPMENT_TEAM = 3QT27T2PJ3;
				INFOPLIST_FILE = flicks/Info.plist;
				LD_RUNPATH_SEARCH_PATHS = "$(inherited) @executable_path/Frameworks";
				PRODUCT_BUNDLE_IDENTIFIER = com.nickdonald.flicks;
				PRODUCT_NAME = "$(TARGET_NAME)";
				SWIFT_VERSION = 3.0;
			};
			name = Release;
		};
/* End XCBuildConfiguration section */

/* Begin XCConfigurationList section */
		D52A04D91E247001002B7970 /* Build configuration list for PBXProject "flicks" */ = {
			isa = XCConfigurationList;
			buildConfigurations = (
				D52A04EE1E247001002B7970 /* Debug */,
				D52A04EF1E247001002B7970 /* Release */,
			);
			defaultConfigurationIsVisible = 0;
			defaultConfigurationName = Release;
		};
		D52A04F01E247001002B7970 /* Build configuration list for PBXNativeTarget "flicks" */ = {
			isa = XCConfigurationList;
			buildConfigurations = (
				D52A04F11E247001002B7970 /* Debug */,
				D52A04F21E247001002B7970 /* Release */,
			);
			defaultConfigurationIsVisible = 0;
			defaultConfigurationName = Release;
		};
/* End XCConfigurationList section */
	};
	rootObject = D52A04D61E247001002B7970 /* Project object */;
}
